
Microsoft Visual Studio Solution File, Format Version 12.00
# Visual Studio Version 16
VisualStudioVersion = 16.0.30114.105
MinimumVisualStudioVersion = 10.0.40219.1
Project("{FAE04EC0-301F-11D3-BF4B-00C04F79EFBC}") = "API", "API\API.csproj", "{2441363E-5331-4E9E-867E-FB44E7227A52}"
EndProject
Project("{FAE04EC0-301F-11D3-BF4B-00C04F79EFBC}") = "Application", "Application\Application.csproj", "{F91A2EAD-CE4B-4264-A6A7-2AA9DFE9B4D3}"
EndProject
Project("{FAE04EC0-301F-11D3-BF4B-00C04F79EFBC}") = "Domain", "Domain\Domain.csproj", "{B6F49CCA-089D-4FC4-B122-3565C0AF1D42}"
EndProject
Project("{FAE04EC0-301F-11D3-BF4B-00C04F79EFBC}") = "Persistence", "Persistence\Persistence.csproj", "{76BF62F6-76A0-4B88-B0F3-C3F24F53064D}"
EndProject
Global
	GlobalSection(SolutionConfigurationPlatforms) = preSolution
		Debug|Any CPU = Debug|Any CPU
		Debug|x64 = Debug|x64
		Debug|x86 = Debug|x86
		Release|Any CPU = Release|Any CPU
		Release|x64 = Release|x64
		Release|x86 = Release|x86
	EndGlobalSection
	GlobalSection(SolutionProperties) = preSolution
		HideSolutionNode = FALSE
	EndGlobalSection
	GlobalSection(ProjectConfigurationPlatforms) = postSolution
		{2441363E-5331-4E9E-867E-FB44E7227A52}.Debug|Any CPU.ActiveCfg = Debug|Any CPU
		{2441363E-5331-4E9E-867E-FB44E7227A52}.Debug|Any CPU.Build.0 = Debug|Any CPU
		{2441363E-5331-4E9E-867E-FB44E7227A52}.Debug|x64.ActiveCfg = Debug|Any CPU
		{2441363E-5331-4E9E-867E-FB44E7227A52}.Debug|x64.Build.0 = Debug|Any CPU
		{2441363E-5331-4E9E-867E-FB44E7227A52}.Debug|x86.ActiveCfg = Debug|Any CPU
		{2441363E-5331-4E9E-867E-FB44E7227A52}.Debug|x86.Build.0 = Debug|Any CPU
		{2441363E-5331-4E9E-867E-FB44E7227A52}.Release|Any CPU.ActiveCfg = Release|Any CPU
		{2441363E-5331-4E9E-867E-FB44E7227A52}.Release|Any CPU.Build.0 = Release|Any CPU
		{2441363E-5331-4E9E-867E-FB44E7227A52}.Release|x64.ActiveCfg = Release|Any CPU
		{2441363E-5331-4E9E-867E-FB44E7227A52}.Release|x64.Build.0 = Release|Any CPU
		{2441363E-5331-4E9E-867E-FB44E7227A52}.Release|x86.ActiveCfg = Release|Any CPU
		{2441363E-5331-4E9E-867E-FB44E7227A52}.Release|x86.Build.0 = Release|Any CPU
		{F91A2EAD-CE4B-4264-A6A7-2AA9DFE9B4D3}.Debug|Any CPU.ActiveCfg = Debug|Any CPU
		{F91A2EAD-CE4B-4264-A6A7-2AA9DFE9B4D3}.Debug|Any CPU.Build.0 = Debug|Any CPU
		{F91A2EAD-CE4B-4264-A6A7-2AA9DFE9B4D3}.Debug|x64.ActiveCfg = Debug|Any CPU
		{F91A2EAD-CE4B-4264-A6A7-2AA9DFE9B4D3}.Debug|x64.Build.0 = Debug|Any CPU
		{F91A2EAD-CE4B-4264-A6A7-2AA9DFE9B4D3}.Debug|x86.ActiveCfg = Debug|Any CPU
		{F91A2EAD-CE4B-4264-A6A7-2AA9DFE9B4D3}.Debug|x86.Build.0 = Debug|Any CPU
		{F91A2EAD-CE4B-4264-A6A7-2AA9DFE9B4D3}.Release|Any CPU.ActiveCfg = Release|Any CPU
		{F91A2EAD-CE4B-4264-A6A7-2AA9DFE9B4D3}.Release|Any CPU.Build.0 = Release|Any CPU
		{F91A2EAD-CE4B-4264-A6A7-2AA9DFE9B4D3}.Release|x64.ActiveCfg = Release|Any CPU
		{F91A2EAD-CE4B-4264-A6A7-2AA9DFE9B4D3}.Release|x64.Build.0 = Release|Any CPU
		{F91A2EAD-CE4B-4264-A6A7-2AA9DFE9B4D3}.Release|x86.ActiveCfg = Release|Any CPU
		{F91A2EAD-CE4B-4264-A6A7-2AA9DFE9B4D3}.Release|x86.Build.0 = Release|Any CPU
		{B6F49CCA-089D-4FC4-B122-3565C0AF1D42}.Debug|Any CPU.ActiveCfg = Debug|Any CPU
		{B6F49CCA-089D-4FC4-B122-3565C0AF1D42}.Debug|Any CPU.Build.0 = Debug|Any CPU
		{B6F49CCA-089D-4FC4-B122-3565C0AF1D42}.Debug|x64.ActiveCfg = Debug|Any CPU
		{B6F49CCA-089D-4FC4-B122-3565C0AF1D42}.Debug|x64.Build.0 = Debug|Any CPU
		{B6F49CCA-089D-4FC4-B122-3565C0AF1D42}.Debug|x86.ActiveCfg = Debug|Any CPU
		{B6F49CCA-089D-4FC4-B122-3565C0AF1D42}.Debug|x86.Build.0 = Debug|Any CPU
		{B6F49CCA-089D-4FC4-B122-3565C0AF1D42}.Release|Any CPU.ActiveCfg = Release|Any CPU
		{B6F49CCA-089D-4FC4-B122-3565C0AF1D42}.Release|Any CPU.Build.0 = Release|Any CPU
		{B6F49CCA-089D-4FC4-B122-3565C0AF1D42}.Release|x64.ActiveCfg = Release|Any CPU
		{B6F49CCA-089D-4FC4-B122-3565C0AF1D42}.Release|x64.Build.0 = Release|Any CPU
		{B6F49CCA-089D-4FC4-B122-3565C0AF1D42}.Release|x86.ActiveCfg = Release|Any CPU
		{B6F49CCA-089D-4FC4-B122-3565C0AF1D42}.Release|x86.Build.0 = Release|Any CPU
		{76BF62F6-76A0-4B88-B0F3-C3F24F53064D}.Debug|Any CPU.ActiveCfg = Debug|Any CPU
		{76BF62F6-76A0-4B88-B0F3-C3F24F53064D}.Debug|Any CPU.Build.0 = Debug|Any CPU
		{76BF62F6-76A0-4B88-B0F3-C3F24F53064D}.Debug|x64.ActiveCfg = Debug|Any CPU
		{76BF62F6-76A0-4B88-B0F3-C3F24F53064D}.Debug|x64.Build.0 = Debug|Any CPU
		{76BF62F6-76A0-4B88-B0F3-C3F24F53064D}.Debug|x86.ActiveCfg = Debug|Any CPU
		{76BF62F6-76A0-4B88-B0F3-C3F24F53064D}.Debug|x86.Build.0 = Debug|Any CPU
		{76BF62F6-76A0-4B88-B0F3-C3F24F53064D}.Release|Any CPU.ActiveCfg = Release|Any CPU
		{76BF62F6-76A0-4B88-B0F3-C3F24F53064D}.Release|Any CPU.Build.0 = Release|Any CPU
		{76BF62F6-76A0-4B88-B0F3-C3F24F53064D}.Release|x64.ActiveCfg = Release|Any CPU
		{76BF62F6-76A0-4B88-B0F3-C3F24F53064D}.Release|x64.Build.0 = Release|Any CPU
		{76BF62F6-76A0-4B88-B0F3-C3F24F53064D}.Release|x86.ActiveCfg = Release|Any CPU
		{76BF62F6-76A0-4B88-B0F3-C3F24F53064D}.Release|x86.Build.0 = Release|Any CPU
	EndGlobalSection
EndGlobal
